
Microsoft Visual Studio Solution File, Format Version 12.00
# Visual Studio Version 17
VisualStudioVersion = 17.5.33530.505
MinimumVisualStudioVersion = 10.0.40219.1
Project("{9A19103F-16F7-4668-BE54-9A1E7A4F7556}") = "EasyMicroservices.Cores.Database", "EasyMicroservices.Cores.Database\EasyMicroservices.Cores.Database.csproj", "{72442E1F-FF3D-4108-A52F-10C8634CE60D}"
EndProject
Project("{9A19103F-16F7-4668-BE54-9A1E7A4F7556}") = "EasyMicroservices.Cores.EntityFrameworkCore", "EasyMicroservices.Cores.EntityFrameworkCore\EasyMicroservices.Cores.EntityFrameworkCore.csproj", "{F473748E-DE87-4E4E-8399-6C959800B37C}"
EndProject
Project("{9A19103F-16F7-4668-BE54-9A1E7A4F7556}") = "EasyMicroservices.Cores.Contracts", "EasyMicroservices.Cores.Contracts\EasyMicroservices.Cores.Contracts.csproj", "{1214E8F0-B3CA-4A21-9416-182D13ACD41B}"
EndProject
Project("{FAE04EC0-301F-11D3-BF4B-00C04F79EFBC}") = "EasyMicroservices.Cores.Services", "EasyMicroservices.Cores.Services\EasyMicroservices.Cores.Services.csproj", "{55BBB257-3C3F-45B1-91B7-9A6398E0E4C8}"
EndProject
Project("{FAE04EC0-301F-11D3-BF4B-00C04F79EFBC}") = "EasyMicroservices.Cores.AspCoreApi", "EasyMicroservices.Cores.AspCoreApi\EasyMicroservices.Cores.AspCoreApi.csproj", "{2142912F-21AB-4A26-B9AF-F82BD9BE85EF}"
EndProject
Global
	GlobalSection(SolutionConfigurationPlatforms) = preSolution
		Debug|Any CPU = Debug|Any CPU
		Release|Any CPU = Release|Any CPU
	EndGlobalSection
	GlobalSection(ProjectConfigurationPlatforms) = postSolution
		{72442E1F-FF3D-4108-A52F-10C8634CE60D}.Debug|Any CPU.ActiveCfg = Debug|Any CPU
		{72442E1F-FF3D-4108-A52F-10C8634CE60D}.Debug|Any CPU.Build.0 = Debug|Any CPU
		{72442E1F-FF3D-4108-A52F-10C8634CE60D}.Release|Any CPU.ActiveCfg = Release|Any CPU
		{72442E1F-FF3D-4108-A52F-10C8634CE60D}.Release|Any CPU.Build.0 = Release|Any CPU
		{F473748E-DE87-4E4E-8399-6C959800B37C}.Debug|Any CPU.ActiveCfg = Debug|Any CPU
		{F473748E-DE87-4E4E-8399-6C959800B37C}.Debug|Any CPU.Build.0 = Debug|Any CPU
		{F473748E-DE87-4E4E-8399-6C959800B37C}.Release|Any CPU.ActiveCfg = Release|Any CPU
		{F473748E-DE87-4E4E-8399-6C959800B37C}.Release|Any CPU.Build.0 = Release|Any CPU
		{1214E8F0-B3CA-4A21-9416-182D13ACD41B}.Debug|Any CPU.ActiveCfg = Debug|Any CPU
		{1214E8F0-B3CA-4A21-9416-182D13ACD41B}.Debug|Any CPU.Build.0 = Debug|Any CPU
		{1214E8F0-B3CA-4A21-9416-182D13ACD41B}.Release|Any CPU.ActiveCfg = Release|Any CPU
		{1214E8F0-B3CA-4A21-9416-182D13ACD41B}.Release|Any CPU.Build.0 = Release|Any CPU
		{55BBB257-3C3F-45B1-91B7-9A6398E0E4C8}.Debug|Any CPU.ActiveCfg = Debug|Any CPU
		{55BBB257-3C3F-45B1-91B7-9A6398E0E4C8}.Debug|Any CPU.Build.0 = Debug|Any CPU
		{55BBB257-3C3F-45B1-91B7-9A6398E0E4C8}.Release|Any CPU.ActiveCfg = Release|Any CPU
		{55BBB257-3C3F-45B1-91B7-9A6398E0E4C8}.Release|Any CPU.Build.0 = Release|Any CPU
		{2142912F-21AB-4A26-B9AF-F82BD9BE85EF}.Debug|Any CPU.ActiveCfg = Debug|Any CPU
		{2142912F-21AB-4A26-B9AF-F82BD9BE85EF}.Debug|Any CPU.Build.0 = Debug|Any CPU
		{2142912F-21AB-4A26-B9AF-F82BD9BE85EF}.Release|Any CPU.ActiveCfg = Release|Any CPU
		{2142912F-21AB-4A26-B9AF-F82BD9BE85EF}.Release|Any CPU.Build.0 = Release|Any CPU
	EndGlobalSection
	GlobalSection(SolutionProperties) = preSolution
		HideSolutionNode = FALSE
	EndGlobalSection
	GlobalSection(ExtensibilityGlobals) = postSolution
		SolutionGuid = {0E8382C1-722C-4F92-B66F-0354487C7F02}
	EndGlobalSection
EndGlobal
